// !$*UTF8*$!
{
	archiveVersion = 1;
	classes = {
	};
	objectVersion = 77;
	objects = {

/* Begin PBXBuildFile section */
		5B6287F32D9D6FB200E81767 /* LoginView.swift in Sources */ = {isa = PBXBuildFile; fileRef = 5B6287F12D9D6FB200E81767 /* LoginView.swift */; };
		5B6288052D9D826400E81767 /* LoginViewModel.swift in Sources */ = {isa = PBXBuildFile; fileRef = 5B6288042D9D825B00E81767 /* LoginViewModel.swift */; };
		5B6288092D9D868B00E81767 /* TodoListView.swift in Sources */ = {isa = PBXBuildFile; fileRef = 5B6288082D9D867D00E81767 /* TodoListView.swift */; };
/* End PBXBuildFile section */

/* Begin PBXContainerItemProxy section */
		5B785C5B2D9D6B67002B88FE /* PBXContainerItemProxy */ = {
			isa = PBXContainerItemProxy;
			containerPortal = 5B785C422D9D6B62002B88FE /* Project object */;
			proxyType = 1;
			remoteGlobalIDString = 5B785C492D9D6B62002B88FE;
			remoteInfo = TaskMated;
		};
		5B785C652D9D6B67002B88FE /* PBXContainerItemProxy */ = {
			isa = PBXContainerItemProxy;
			containerPortal = 5B785C422D9D6B62002B88FE /* Project object */;
			proxyType = 1;
			remoteGlobalIDString = 5B785C492D9D6B62002B88FE;
			remoteInfo = TaskMated;
		};
/* End PBXContainerItemProxy section */

/* Begin PBXFileReference section */
		5B6287F12D9D6FB200E81767 /* LoginView.swift */ = {isa = PBXFileReference; lastKnownFileType = sourcecode.swift; path = LoginView.swift; sourceTree = "<group>"; };
		5B6288042D9D825B00E81767 /* LoginViewModel.swift */ = {isa = PBXFileReference; lastKnownFileType = sourcecode.swift; path = LoginViewModel.swift; sourceTree = "<group>"; };
		5B6288082D9D867D00E81767 /* TodoListView.swift */ = {isa = PBXFileReference; lastKnownFileType = sourcecode.swift; path = TodoListView.swift; sourceTree = "<group>"; };
		5B785C4A2D9D6B62002B88FE /* TaskMated.app */ = {isa = PBXFileReference; explicitFileType = wrapper.application; includeInIndex = 0; path = TaskMated.app; sourceTree = BUILT_PRODUCTS_DIR; };
		5B785C5A2D9D6B67002B88FE /* TaskMatedTests.xctest */ = {isa = PBXFileReference; explicitFileType = wrapper.cfbundle; includeInIndex = 0; path = TaskMatedTests.xctest; sourceTree = BUILT_PRODUCTS_DIR; };
		5B785C642D9D6B67002B88FE /* TaskMatedUITests.xctest */ = {isa = PBXFileReference; explicitFileType = wrapper.cfbundle; includeInIndex = 0; path = TaskMatedUITests.xctest; sourceTree = BUILT_PRODUCTS_DIR; };
/* End PBXFileReference section */

/* Begin PBXFileSystemSynchronizedRootGroup section */
		5B785C4C2D9D6B62002B88FE /* TaskMated */ = {
			isa = PBXFileSystemSynchronizedRootGroup;
			path = TaskMated;
			sourceTree = "<group>";
		};
		5B785C5D2D9D6B67002B88FE /* TaskMatedTests */ = {
			isa = PBXFileSystemSynchronizedRootGroup;
			path = TaskMatedTests;
			sourceTree = "<group>";
		};
		5B785C672D9D6B67002B88FE /* TaskMatedUITests */ = {
			isa = PBXFileSystemSynchronizedRootGroup;
			path = TaskMatedUITests;
			sourceTree = "<group>";
		};
/* End PBXFileSystemSynchronizedRootGroup section */

/* Begin PBXFrameworksBuildPhase section */
		5B785C472D9D6B62002B88FE /* Frameworks */ = {
			isa = PBXFrameworksBuildPhase;
			buildActionMask = 2147483647;
			files = (
			);
			runOnlyForDeploymentPostprocessing = 0;
		};
		5B785C572D9D6B67002B88FE /* Frameworks */ = {
			isa = PBXFrameworksBuildPhase;
			buildActionMask = 2147483647;
			files = (
			);
			runOnlyForDeploymentPostprocessing = 0;
		};
		5B785C612D9D6B67002B88FE /* Frameworks */ = {
			isa = PBXFrameworksBuildPhase;
			buildActionMask = 2147483647;
			files = (
			);
			runOnlyForDeploymentPostprocessing = 0;
		};
/* End PBXFrameworksBuildPhase section */

/* Begin PBXGroup section */
		5B6288002D9D709E00E81767 /* groups */ = {
			isa = PBXGroup;
			children = (
				5B6288032D9D70C000E81767 /* Views */,
				5B6288022D9D70B200E81767 /* ViewModels */,
				5B6288012D9D70A900E81767 /* Models */,
				5B785C4C2D9D6B62002B88FE /* TaskMated */,
			);
			path = groups;
			sourceTree = "<group>";
		};
		5B6288012D9D70A900E81767 /* Models */ = {
			isa = PBXGroup;
			children = (
			);
			path = Models;
			sourceTree = "<group>";
		};
		5B6288022D9D70B200E81767 /* ViewModels */ = {
			isa = PBXGroup;
			children = (
				5B6288042D9D825B00E81767 /* LoginViewModel.swift */,
			);
			path = ViewModels;
			sourceTree = "<group>";
		};
		5B6288032D9D70C000E81767 /* Views */ = {
			isa = PBXGroup;
			children = (
				5B6288082D9D867D00E81767 /* TodoListView.swift */,
				5B6287F12D9D6FB200E81767 /* LoginView.swift */,
			);
			path = Views;
			sourceTree = "<group>";
		};
		5B785C412D9D6B62002B88FE = {
			isa = PBXGroup;
			children = (
				5B6288002D9D709E00E81767 /* groups */,
				5B785C5D2D9D6B67002B88FE /* TaskMatedTests */,
				5B785C672D9D6B67002B88FE /* TaskMatedUITests */,
				5B785C4B2D9D6B62002B88FE /* Products */,
			);
			sourceTree = "<group>";
		};
		5B785C4B2D9D6B62002B88FE /* Products */ = {
			isa = PBXGroup;
			children = (
				5B785C4A2D9D6B62002B88FE /* TaskMated.app */,
				5B785C5A2D9D6B67002B88FE /* TaskMatedTests.xctest */,
				5B785C642D9D6B67002B88FE /* TaskMatedUITests.xctest */,
			);
			name = Products;
			sourceTree = "<group>";
		};
/* End PBXGroup section */

/* Begin PBXNativeTarget section */
		5B785C492D9D6B62002B88FE /* TaskMated */ = {
			isa = PBXNativeTarget;
			buildConfigurationList = 5B785C6E2D9D6B67002B88FE /* Build configuration list for PBXNativeTarget "TaskMated" */;
			buildPhases = (
				5B785C462D9D6B62002B88FE /* Sources */,
				5B785C472D9D6B62002B88FE /* Frameworks */,
				5B785C482D9D6B62002B88FE /* Resources */,
			);
			buildRules = (
			);
			dependencies = (
			);
			fileSystemSynchronizedGroups = (
				5B785C4C2D9D6B62002B88FE /* TaskMated */,
			);
			name = TaskMated;
			packageProductDependencies = (
			);
			productName = TaskMated;
			productReference = 5B785C4A2D9D6B62002B88FE /* TaskMated.app */;
			productType = "com.apple.product-type.application";
		};
		5B785C592D9D6B67002B88FE /* TaskMatedTests */ = {
			isa = PBXNativeTarget;
			buildConfigurationList = 5B785C712D9D6B67002B88FE /* Build configuration list for PBXNativeTarget "TaskMatedTests" */;
			buildPhases = (
				5B785C562D9D6B67002B88FE /* Sources */,
				5B785C572D9D6B67002B88FE /* Frameworks */,
				5B785C582D9D6B67002B88FE /* Resources */,
			);
			buildRules = (
			);
			dependencies = (
				5B785C5C2D9D6B67002B88FE /* PBXTargetDependency */,
			);
			fileSystemSynchronizedGroups = (
				5B785C5D2D9D6B67002B88FE /* TaskMatedTests */,
			);
			name = TaskMatedTests;
			packageProductDependencies = (
			);
			productName = TaskMatedTests;
			productReference = 5B785C5A2D9D6B67002B88FE /* TaskMatedTests.xctest */;
			productType = "com.apple.product-type.bundle.unit-test";
		};
		5B785C632D9D6B67002B88FE /* TaskMatedUITests */ = {
			isa = PBXNativeTarget;
			buildConfigurationList = 5B785C742D9D6B67002B88FE /* Build configuration list for PBXNativeTarget "TaskMatedUITests" */;
			buildPhases = (
				5B785C602D9D6B67002B88FE /* Sources */,
				5B785C612D9D6B67002B88FE /* Frameworks */,
				5B785C622D9D6B67002B88FE /* Resources */,
			);
			buildRules = (
			);
			dependencies = (
				5B785C662D9D6B67002B88FE /* PBXTargetDependency */,
			);
			fileSystemSynchronizedGroups = (
				5B785C672D9D6B67002B88FE /* TaskMatedUITests */,
			);
			name = TaskMatedUITests;
			packageProductDependencies = (
			);
			productName = TaskMatedUITests;
			productReference = 5B785C642D9D6B67002B88FE /* TaskMatedUITests.xctest */;
			productType = "com.apple.product-type.bundle.ui-testing";
		};
/* End PBXNativeTarget section */

/* Begin PBXProject section */
		5B785C422D9D6B62002B88FE /* Project object */ = {
			isa = PBXProject;
			attributes = {
				BuildIndependentTargetsInParallel = 1;
				LastSwiftUpdateCheck = 1620;
				LastUpgradeCheck = 1620;
				TargetAttributes = {
					5B785C492D9D6B62002B88FE = {
						CreatedOnToolsVersion = 16.2;
					};
					5B785C592D9D6B67002B88FE = {
						CreatedOnToolsVersion = 16.2;
						TestTargetID = 5B785C492D9D6B62002B88FE;
					};
					5B785C632D9D6B67002B88FE = {
						CreatedOnToolsVersion = 16.2;
						TestTargetID = 5B785C492D9D6B62002B88FE;
					};
				};
			};
			buildConfigurationList = 5B785C452D9D6B62002B88FE /* Build configuration list for PBXProject "TaskMated" */;
			developmentRegion = en;
			hasScannedForEncodings = 0;
			knownRegions = (
				en,
				Base,
			);
			mainGroup = 5B785C412D9D6B62002B88FE;
			minimizedProjectReferenceProxies = 1;
			preferredProjectObjectVersion = 77;
			productRefGroup = 5B785C4B2D9D6B62002B88FE /* Products */;
			projectDirPath = "";
			projectRoot = "";
			targets = (
				5B785C492D9D6B62002B88FE /* TaskMated */,
				5B785C592D9D6B67002B88FE /* TaskMatedTests */,
				5B785C632D9D6B67002B88FE /* TaskMatedUITests */,
			);
		};
/* End PBXProject section */

/* Begin PBXResourcesBuildPhase section */
		5B785C482D9D6B62002B88FE /* Resources */ = {
			isa = PBXResourcesBuildPhase;
			buildActionMask = 2147483647;
			files = (
			);
			runOnlyForDeploymentPostprocessing = 0;
		};
		5B785C582D9D6B67002B88FE /* Resources */ = {
			isa = PBXResourcesBuildPhase;
			buildActionMask = 2147483647;
			files = (
			);
			runOnlyForDeploymentPostprocessing = 0;
		};
		5B785C622D9D6B67002B88FE /* Resources */ = {
			isa = PBXResourcesBuildPhase;
			buildActionMask = 2147483647;
			files = (
			);
			runOnlyForDeploymentPostprocessing = 0;
		};
/* End PBXResourcesBuildPhase section */

/* Begin PBXSourcesBuildPhase section */
		5B785C462D9D6B62002B88FE /* Sources */ = {
			isa = PBXSourcesBuildPhase;
			buildActionMask = 2147483647;
			files = (
				5B6288052D9D826400E81767 /* LoginViewModel.swift in Sources */,
				5B6287F32D9D6FB200E81767 /* LoginView.swift in Sources */,
				5B6288092D9D868B00E81767 /* TodoListView.swift in Sources */,
			);
			runOnlyForDeploymentPostprocessing = 0;
		};
		5B785C562D9D6B67002B88FE /* Sources */ = {
			isa = PBXSourcesBuildPhase;
			buildActionMask = 2147483647;
			files = (
			);
			runOnlyForDeploymentPostprocessing = 0;
		};
		5B785C602D9D6B67002B88FE /* Sources */ = {
			isa = PBXSourcesBuildPhase;
			buildActionMask = 2147483647;
			files = (
			);
			runOnlyForDeploymentPostprocessing = 0;
		};
/* End PBXSourcesBuildPhase section */

/* Begin PBXTargetDependency section */
		5B785C5C2D9D6B67002B88FE /* PBXTargetDependency */ = {
			isa = PBXTargetDependency;
			target = 5B785C492D9D6B62002B88FE /* TaskMated */;
			targetProxy = 5B785C5B2D9D6B67002B88FE /* PBXContainerItemProxy */;
		};
		5B785C662D9D6B67002B88FE /* PBXTargetDependency */ = {
			isa = PBXTargetDependency;
			target = 5B785C492D9D6B62002B88FE /* TaskMated */;
			targetProxy = 5B785C652D9D6B67002B88FE /* PBXContainerItemProxy */;
		};
/* End PBXTargetDependency section */

/* Begin XCBuildConfiguration section */
		5B785C6C2D9D6B67002B88FE /* Debug */ = {
			isa = XCBuildConfiguration;
			buildSettings = {
				ALWAYS_SEARCH_USER_PATHS = NO;
				ASSETCATALOG_COMPILER_GENERATE_SWIFT_ASSET_SYMBOL_EXTENSIONS = YES;
				CLANG_ANALYZER_NONNULL = YES;
				CLANG_ANALYZER_NUMBER_OBJECT_CONVERSION = YES_AGGRESSIVE;
				CLANG_CXX_LANGUAGE_STANDARD = "gnu++20";
				CLANG_ENABLE_MODULES = YES;
				CLANG_ENABLE_OBJC_ARC = YES;
				CLANG_ENABLE_OBJC_WEAK = YES;
				CLANG_WARN_BLOCK_CAPTURE_AUTORELEASING = YES;
				CLANG_WARN_BOOL_CONVERSION = YES;
				CLANG_WARN_COMMA = YES;
				CLANG_WARN_CONSTANT_CONVERSION = YES;
				CLANG_WARN_DEPRECATED_OBJC_IMPLEMENTATIONS = YES;
				CLANG_WARN_DIRECT_OBJC_ISA_USAGE = YES_ERROR;
				CLANG_WARN_DOCUMENTATION_COMMENTS = YES;
				CLANG_WARN_EMPTY_BODY = YES;
				CLANG_WARN_ENUM_CONVERSION = YES;
				CLANG_WARN_INFINITE_RECURSION = YES;
				CLANG_WARN_INT_CONVERSION = YES;
				CLANG_WARN_NON_LITERAL_NULL_CONVERSION = YES;
				CLANG_WARN_OBJC_IMPLICIT_RETAIN_SELF = YES;
				CLANG_WARN_OBJC_LITERAL_CONVERSION = YES;
				CLANG_WARN_OBJC_ROOT_CLASS = YES_ERROR;
				CLANG_WARN_QUOTED_INCLUDE_IN_FRAMEWORK_HEADER = YES;
				CLANG_WARN_RANGE_LOOP_ANALYSIS = YES;
				CLANG_WARN_STRICT_PROTOTYPES = YES;
				CLANG_WARN_SUSPICIOUS_MOVE = YES;
				CLANG_WARN_UNGUARDED_AVAILABILITY = YES_AGGRESSIVE;
				CLANG_WARN_UNREACHABLE_CODE = YES;
				CLANG_WARN__DUPLICATE_METHOD_MATCH = YES;
				COPY_PHASE_STRIP = NO;
				DEBUG_INFORMATION_FORMAT = dwarf;
				ENABLE_STRICT_OBJC_MSGSEND = YES;
				ENABLE_TESTABILITY = YES;
				ENABLE_USER_SCRIPT_SANDBOXING = YES;
				GCC_C_LANGUAGE_STANDARD = gnu17;
				GCC_DYNAMIC_NO_PIC = NO;
				GCC_NO_COMMON_BLOCKS = YES;
				GCC_OPTIMIZATION_LEVEL = 0;
				GCC_PREPROCESSOR_DEFINITIONS = (
					"DEBUG=1",
					"$(inherited)",
				);
				GCC_WARN_64_TO_32_BIT_CONVERSION = YES;
				GCC_WARN_ABOUT_RETURN_TYPE = YES_ERROR;
				GCC_WARN_UNDECLARED_SELECTOR = YES;
				GCC_WARN_UNINITIALIZED_AUTOS = YES_AGGRESSIVE;
				GCC_WARN_UNUSED_FUNCTION = YES;
				GCC_WARN_UNUSED_VARIABLE = YES;
				IPHONEOS_DEPLOYMENT_TARGET = 18.2;
				LOCALIZATION_PREFERS_STRING_CATALOGS = YES;
				MTL_ENABLE_DEBUG_INFO = INCLUDE_SOURCE;
				MTL_FAST_MATH = YES;
				ONLY_ACTIVE_ARCH = YES;
				SDKROOT = iphoneos;
				SWIFT_ACTIVE_COMPILATION_CONDITIONS = "DEBUG $(inherited)";
				SWIFT_OPTIMIZATION_LEVEL = "-Onone";
			};
			name = Debug;
		};
		5B785C6D2D9D6B67002B88FE /* Release */ = {
			isa = XCBuildConfiguration;
			buildSettings = {
				ALWAYS_SEARCH_USER_PATHS = NO;
				ASSETCATALOG_COMPILER_GENERATE_SWIFT_ASSET_SYMBOL_EXTENSIONS = YES;
				CLANG_ANALYZER_NONNULL = YES;
				CLANG_ANALYZER_NUMBER_OBJECT_CONVERSION = YES_AGGRESSIVE;
				CLANG_CXX_LANGUAGE_STANDARD = "gnu++20";
				CLANG_ENABLE_MODULES = YES;
				CLANG_ENABLE_OBJC_ARC = YES;
				CLANG_ENABLE_OBJC_WEAK = YES;
				CLANG_WARN_BLOCK_CAPTURE_AUTORELEASING = YES;
				CLANG_WARN_BOOL_CONVERSION = YES;
				CLANG_WARN_COMMA = YES;
				CLANG_WARN_CONSTANT_CONVERSION = YES;
				CLANG_WARN_DEPRECATED_OBJC_IMPLEMENTATIONS = YES;
				CLANG_WARN_DIRECT_OBJC_ISA_USAGE = YES_ERROR;
				CLANG_WARN_DOCUMENTATION_COMMENTS = YES;
				CLANG_WARN_EMPTY_BODY = YES;
				CLANG_WARN_ENUM_CONVERSION = YES;
				CLANG_WARN_INFINITE_RECURSION = YES;
				CLANG_WARN_INT_CONVERSION = YES;
				CLANG_WARN_NON_LITERAL_NULL_CONVERSION = YES;
				CLANG_WARN_OBJC_IMPLICIT_RETAIN_SELF = YES;
				CLANG_WARN_OBJC_LITERAL_CONVERSION = YES;
				CLANG_WARN_OBJC_ROOT_CLASS = YES_ERROR;
				CLANG_WARN_QUOTED_INCLUDE_IN_FRAMEWORK_HEADER = YES;
				CLANG_WARN_RANGE_LOOP_ANALYSIS = YES;
				CLANG_WARN_STRICT_PROTOTYPES = YES;
				CLANG_WARN_SUSPICIOUS_MOVE = YES;
				CLANG_WARN_UNGUARDED_AVAILABILITY = YES_AGGRESSIVE;
				CLANG_WARN_UNREACHABLE_CODE = YES;
				CLANG_WARN__DUPLICATE_METHOD_MATCH = YES;
				COPY_PHASE_STRIP = NO;
				DEBUG_INFORMATION_FORMAT = "dwarf-with-dsym";
				ENABLE_NS_ASSERTIONS = NO;
				ENABLE_STRICT_OBJC_MSGSEND = YES;
				ENABLE_USER_SCRIPT_SANDBOXING = YES;
				GCC_C_LANGUAGE_STANDARD = gnu17;
				GCC_NO_COMMON_BLOCKS = YES;
				GCC_WARN_64_TO_32_BIT_CONVERSION = YES;
				GCC_WARN_ABOUT_RETURN_TYPE = YES_ERROR;
				GCC_WARN_UNDECLARED_SELECTOR = YES;
				GCC_WARN_UNINITIALIZED_AUTOS = YES_AGGRESSIVE;
				GCC_WARN_UNUSED_FUNCTION = YES;
				GCC_WARN_UNUSED_VARIABLE = YES;
				IPHONEOS_DEPLOYMENT_TARGET = 18.2;
				LOCALIZATION_PREFERS_STRING_CATALOGS = YES;
				MTL_ENABLE_DEBUG_INFO = NO;
				MTL_FAST_MATH = YES;
				SDKROOT = iphoneos;
				SWIFT_COMPILATION_MODE = wholemodule;
				VALIDATE_PRODUCT = YES;
			};
			name = Release;
		};
		5B785C6F2D9D6B67002B88FE /* Debug */ = {
			isa = XCBuildConfiguration;
			buildSettings = {
				ASSETCATALOG_COMPILER_APPICON_NAME = AppIcon;
				ASSETCATALOG_COMPILER_GLOBAL_ACCENT_COLOR_NAME = AccentColor;
				CODE_SIGN_STYLE = Automatic;
				CURRENT_PROJECT_VERSION = 1;
				DEVELOPMENT_ASSET_PATHS = "";
				DEVELOPMENT_TEAM = FZW92JYSAX;
				ENABLE_PREVIEWS = YES;
				GENERATE_INFOPLIST_FILE = YES;
				INFOPLIST_KEY_UIApplicationSceneManifest_Generation = YES;
				INFOPLIST_KEY_UIApplicationSupportsIndirectInputEvents = YES;
				INFOPLIST_KEY_UILaunchScreen_Generation = YES;
				INFOPLIST_KEY_UISupportedInterfaceOrientations_iPad = "UIInterfaceOrientationPortrait UIInterfaceOrientationPortraitUpsideDown UIInterfaceOrientationLandscapeLeft UIInterfaceOrientationLandscapeRight";
				INFOPLIST_KEY_UISupportedInterfaceOrientations_iPhone = "UIInterfaceOrientationPortrait UIInterfaceOrientationLandscapeLeft UIInterfaceOrientationLandscapeRight";
				LD_RUNPATH_SEARCH_PATHS = (
					"$(inherited)",
					"@executable_path/Frameworks",
				);
				MARKETING_VERSION = 1.0;
				PRODUCT_BUNDLE_IDENTIFIER = rodrigo.TaskMated;
				PRODUCT_NAME = "$(TARGET_NAME)";
				SWIFT_EMIT_LOC_STRINGS = YES;
				SWIFT_VERSION = 5.0;
				TARGETED_DEVICE_FAMILY = "1,2";
			};
			name = Debug;
		};
		5B785C702D9D6B67002B88FE /* Release */ = {
			isa = XCBuildConfiguration;
			buildSettings = {
				ASSETCATALOG_COMPILER_APPICON_NAME = AppIcon;
				ASSETCATALOG_COMPILER_GLOBAL_ACCENT_COLOR_NAME = AccentColor;
				CODE_SIGN_STYLE = Automatic;
				CURRENT_PROJECT_VERSION = 1;
				DEVELOPMENT_ASSET_PATHS = "";
				DEVELOPMENT_TEAM = FZW92JYSAX;
				ENABLE_PREVIEWS = YES;
				GENERATE_INFOPLIST_FILE = YES;
				INFOPLIST_KEY_UIApplicationSceneManifest_Generation = YES;
				INFOPLIST_KEY_UIApplicationSupportsIndirectInputEvents = YES;
				INFOPLIST_KEY_UILaunchScreen_Generation = YES;
				INFOPLIST_KEY_UISupportedInterfaceOrientations_iPad = "UIInterfaceOrientationPortrait UIInterfaceOrientationPortraitUpsideDown UIInterfaceOrientationLandscapeLeft UIInterfaceOrientationLandscapeRight";
				INFOPLIST_KEY_UISupportedInterfaceOrientations_iPhone = "UIInterfaceOrientationPortrait UIInterfaceOrientationLandscapeLeft UIInterfaceOrientationLandscapeRight";
				LD_RUNPATH_SEARCH_PATHS = (
					"$(inherited)",
					"@executable_path/Frameworks",
				);
				MARKETING_VERSION = 1.0;
				PRODUCT_BUNDLE_IDENTIFIER = rodrigo.TaskMated;
				PRODUCT_NAME = "$(TARGET_NAME)";
				SWIFT_EMIT_LOC_STRINGS = YES;
				SWIFT_VERSION = 5.0;
				TARGETED_DEVICE_FAMILY = "1,2";
			};
			name = Release;
		};
		5B785C722D9D6B67002B88FE /* Debug */ = {
			isa = XCBuildConfiguration;
			buildSettings = {
				BUNDLE_LOADER = "$(TEST_HOST)";
				CODE_SIGN_STYLE = Automatic;
				CURRENT_PROJECT_VERSION = 1;
				DEVELOPMENT_TEAM = FZW92JYSAX;
				GENERATE_INFOPLIST_FILE = YES;
				IPHONEOS_DEPLOYMENT_TARGET = 18.2;
				MARKETING_VERSION = 1.0;
				PRODUCT_BUNDLE_IDENTIFIER = rodrigo.TaskMatedTests;
				PRODUCT_NAME = "$(TARGET_NAME)";
				SWIFT_EMIT_LOC_STRINGS = NO;
				SWIFT_VERSION = 5.0;
				TARGETED_DEVICE_FAMILY = "1,2";
				TEST_HOST = "$(BUILT_PRODUCTS_DIR)/TaskMated.app/$(BUNDLE_EXECUTABLE_FOLDER_PATH)/TaskMated";
			};
			name = Debug;
		};
		5B785C732D9D6B67002B88FE /* Release */ = {
			isa = XCBuildConfiguration;
			buildSettings = {
				BUNDLE_LOADER = "$(TEST_HOST)";
				CODE_SIGN_STYLE = Automatic;
				CURRENT_PROJECT_VERSION = 1;
				DEVELOPMENT_TEAM = FZW92JYSAX;
				GENERATE_INFOPLIST_FILE = YES;
				IPHONEOS_DEPLOYMENT_TARGET = 18.2;
				MARKETING_VERSION = 1.0;
				PRODUCT_BUNDLE_IDENTIFIER = rodrigo.TaskMatedTests;
				PRODUCT_NAME = "$(TARGET_NAME)";
				SWIFT_EMIT_LOC_STRINGS = NO;
				SWIFT_VERSION = 5.0;
				TARGETED_DEVICE_FAMILY = "1,2";
				TEST_HOST = "$(BUILT_PRODUCTS_DIR)/TaskMated.app/$(BUNDLE_EXECUTABLE_FOLDER_PATH)/TaskMated";
			};
			name = Release;
		};
		5B785C752D9D6B67002B88FE /* Debug */ = {
			isa = XCBuildConfiguration;
			buildSettings = {
				CODE_SIGN_STYLE = Automatic;
				CURRENT_PROJECT_VERSION = 1;
				DEVELOPMENT_TEAM = FZW92JYSAX;
				GENERATE_INFOPLIST_FILE = YES;
				MARKETING_VERSION = 1.0;
				PRODUCT_BUNDLE_IDENTIFIER = rodrigo.TaskMatedUITests;
				PRODUCT_NAME = "$(TARGET_NAME)";
				SWIFT_EMIT_LOC_STRINGS = NO;
				SWIFT_VERSION = 5.0;
				TARGETED_DEVICE_FAMILY = "1,2";
				TEST_TARGET_NAME = TaskMated;
			};
			name = Debug;
		};
		5B785C762D9D6B67002B88FE /* Release */ = {
			isa = XCBuildConfiguration;
			buildSettings = {
				CODE_SIGN_STYLE = Automatic;
				CURRENT_PROJECT_VERSION = 1;
				DEVELOPMENT_TEAM = FZW92JYSAX;
				GENERATE_INFOPLIST_FILE = YES;
				MARKETING_VERSION = 1.0;
				PRODUCT_BUNDLE_IDENTIFIER = rodrigo.TaskMatedUITests;
				PRODUCT_NAME = "$(TARGET_NAME)";
				SWIFT_EMIT_LOC_STRINGS = NO;
				SWIFT_VERSION = 5.0;
				TARGETED_DEVICE_FAMILY = "1,2";
				TEST_TARGET_NAME = TaskMated;
			};
			name = Release;
		};
/* End XCBuildConfiguration section */

/* Begin XCConfigurationList section */
		5B785C452D9D6B62002B88FE /* Build configuration list for PBXProject "TaskMated" */ = {
			isa = XCConfigurationList;
			buildConfigurations = (
				5B785C6C2D9D6B67002B88FE /* Debug */,
				5B785C6D2D9D6B67002B88FE /* Release */,
			);
			defaultConfigurationIsVisible = 0;
			defaultConfigurationName = Release;
		};
		5B785C6E2D9D6B67002B88FE /* Build configuration list for PBXNativeTarget "TaskMated" */ = {
			isa = XCConfigurationList;
			buildConfigurations = (
				5B785C6F2D9D6B67002B88FE /* Debug */,
				5B785C702D9D6B67002B88FE /* Release */,
			);
			defaultConfigurationIsVisible = 0;
			defaultConfigurationName = Release;
		};
		5B785C712D9D6B67002B88FE /* Build configuration list for PBXNativeTarget "TaskMatedTests" */ = {
			isa = XCConfigurationList;
			buildConfigurations = (
				5B785C722D9D6B67002B88FE /* Debug */,
				5B785C732D9D6B67002B88FE /* Release */,
			);
			defaultConfigurationIsVisible = 0;
			defaultConfigurationName = Release;
		};
		5B785C742D9D6B67002B88FE /* Build configuration list for PBXNativeTarget "TaskMatedUITests" */ = {
			isa = XCConfigurationList;
			buildConfigurations = (
				5B785C752D9D6B67002B88FE /* Debug */,
				5B785C762D9D6B67002B88FE /* Release */,
			);
			defaultConfigurationIsVisible = 0;
			defaultConfigurationName = Release;
		};
/* End XCConfigurationList section */
	};
	rootObject = 5B785C422D9D6B62002B88FE /* Project object */;
}
